// !$*UTF8*$!
{
	archiveVersion = 1;
	classes = {
	};
	objectVersion = 55;
	objects = {

/* Begin PBXBuildFile section */
		D50FABB8282BA3C100EC206D /* AppDelegate.swift in Sources */ = {isa = PBXBuildFile; fileRef = D50FABB7282BA3C100EC206D /* AppDelegate.swift */; };
		D50FABBA282BA3C100EC206D /* SceneDelegate.swift in Sources */ = {isa = PBXBuildFile; fileRef = D50FABB9282BA3C100EC206D /* SceneDelegate.swift */; };
		D50FABBC282BA3C100EC206D /* TrainingViewController.swift in Sources */ = {isa = PBXBuildFile; fileRef = D50FABBB282BA3C100EC206D /* TrainingViewController.swift */; };
		D50FABBF282BA3C100EC206D /* Main.storyboard in Resources */ = {isa = PBXBuildFile; fileRef = D50FABBD282BA3C100EC206D /* Main.storyboard */; };
		D50FABC1282BA3C200EC206D /* Assets.xcassets in Resources */ = {isa = PBXBuildFile; fileRef = D50FABC0282BA3C200EC206D /* Assets.xcassets */; };
		D50FABC4282BA3C200EC206D /* LaunchScreen.storyboard in Resources */ = {isa = PBXBuildFile; fileRef = D50FABC2282BA3C200EC206D /* LaunchScreen.storyboard */; };
		D50FABCC282BA48500EC206D /* BluetothManager.swift in Sources */ = {isa = PBXBuildFile; fileRef = D50FABCB282BA48500EC206D /* BluetothManager.swift */; };
		D50FABCE282BA4BA00EC206D /* BluetoothConstants.swift in Sources */ = {isa = PBXBuildFile; fileRef = D50FABCD282BA4BA00EC206D /* BluetoothConstants.swift */; };
		D50FABD0282BA50B00EC206D /* Router.swift in Sources */ = {isa = PBXBuildFile; fileRef = D50FABCF282BA50B00EC206D /* Router.swift */; };
		D50FABD2282BA56600EC206D /* AssemblyBuilder.swift in Sources */ = {isa = PBXBuildFile; fileRef = D50FABD1282BA56600EC206D /* AssemblyBuilder.swift */; };
		D50FABD4282BA5A700EC206D /* TrainingModel.swift in Sources */ = {isa = PBXBuildFile; fileRef = D50FABD3282BA5A700EC206D /* TrainingModel.swift */; };
		D50FABD6282BA5BE00EC206D /* TrainingViewModel.swift in Sources */ = {isa = PBXBuildFile; fileRef = D50FABD5282BA5BE00EC206D /* TrainingViewModel.swift */; };
		D50FABDB282BA8C000EC206D /* RouterProtocols.swift in Sources */ = {isa = PBXBuildFile; fileRef = D50FABDA282BA8C000EC206D /* RouterProtocols.swift */; };
		D50FABE0282BAB1300EC206D /* AssembyProtocol.swift in Sources */ = {isa = PBXBuildFile; fileRef = D50FABDF282BAB1300EC206D /* AssembyProtocol.swift */; };
		D50FABEB282C120500EC206D /* BluetoothManagerProtocols.swift in Sources */ = {isa = PBXBuildFile; fileRef = D50FABEA282C120500EC206D /* BluetoothManagerProtocols.swift */; };
		D50FABED282C17C100EC206D /* HeartRateView.swift in Sources */ = {isa = PBXBuildFile; fileRef = D50FABEC282C17C100EC206D /* HeartRateView.swift */; };
		D50FABEF282C3BBB00EC206D /* HeartRateView + Extension.swift in Sources */ = {isa = PBXBuildFile; fileRef = D50FABEE282C3BBB00EC206D /* HeartRateView + Extension.swift */; };
/* End PBXBuildFile section */

/* Begin PBXFileReference section */
		D50FABB4282BA3C100EC206D /* HeartRateTracker.app */ = {isa = PBXFileReference; explicitFileType = wrapper.application; includeInIndex = 0; path = HeartRateTracker.app; sourceTree = BUILT_PRODUCTS_DIR; };
		D50FABB7282BA3C100EC206D /* AppDelegate.swift */ = {isa = PBXFileReference; lastKnownFileType = sourcecode.swift; path = AppDelegate.swift; sourceTree = "<group>"; };
		D50FABB9282BA3C100EC206D /* SceneDelegate.swift */ = {isa = PBXFileReference; lastKnownFileType = sourcecode.swift; path = SceneDelegate.swift; sourceTree = "<group>"; };
		D50FABBB282BA3C100EC206D /* TrainingViewController.swift */ = {isa = PBXFileReference; lastKnownFileType = sourcecode.swift; path = TrainingViewController.swift; sourceTree = "<group>"; };
		D50FABBE282BA3C100EC206D /* Base */ = {isa = PBXFileReference; lastKnownFileType = file.storyboard; name = Base; path = Base.lproj/Main.storyboard; sourceTree = "<group>"; };
		D50FABC0282BA3C200EC206D /* Assets.xcassets */ = {isa = PBXFileReference; lastKnownFileType = folder.assetcatalog; path = Assets.xcassets; sourceTree = "<group>"; };
		D50FABC3282BA3C200EC206D /* Base */ = {isa = PBXFileReference; lastKnownFileType = file.storyboard; name = Base; path = Base.lproj/LaunchScreen.storyboard; sourceTree = "<group>"; };
		D50FABC5282BA3C200EC206D /* Info.plist */ = {isa = PBXFileReference; lastKnownFileType = text.plist.xml; path = Info.plist; sourceTree = "<group>"; };
		D50FABCB282BA48500EC206D /* BluetothManager.swift */ = {isa = PBXFileReference; lastKnownFileType = sourcecode.swift; path = BluetothManager.swift; sourceTree = "<group>"; };
		D50FABCD282BA4BA00EC206D /* BluetoothConstants.swift */ = {isa = PBXFileReference; lastKnownFileType = sourcecode.swift; path = BluetoothConstants.swift; sourceTree = "<group>"; };
		D50FABCF282BA50B00EC206D /* Router.swift */ = {isa = PBXFileReference; lastKnownFileType = sourcecode.swift; path = Router.swift; sourceTree = "<group>"; };
		D50FABD1282BA56600EC206D /* AssemblyBuilder.swift */ = {isa = PBXFileReference; lastKnownFileType = sourcecode.swift; path = AssemblyBuilder.swift; sourceTree = "<group>"; };
		D50FABD3282BA5A700EC206D /* TrainingModel.swift */ = {isa = PBXFileReference; lastKnownFileType = sourcecode.swift; path = TrainingModel.swift; sourceTree = "<group>"; };
		D50FABD5282BA5BE00EC206D /* TrainingViewModel.swift */ = {isa = PBXFileReference; lastKnownFileType = sourcecode.swift; path = TrainingViewModel.swift; sourceTree = "<group>"; };
		D50FABDA282BA8C000EC206D /* RouterProtocols.swift */ = {isa = PBXFileReference; lastKnownFileType = sourcecode.swift; path = RouterProtocols.swift; sourceTree = "<group>"; };
		D50FABDF282BAB1300EC206D /* AssembyProtocol.swift */ = {isa = PBXFileReference; lastKnownFileType = sourcecode.swift; path = AssembyProtocol.swift; sourceTree = "<group>"; };
		D50FABEA282C120500EC206D /* BluetoothManagerProtocols.swift */ = {isa = PBXFileReference; lastKnownFileType = sourcecode.swift; path = BluetoothManagerProtocols.swift; sourceTree = "<group>"; };
		D50FABEC282C17C100EC206D /* HeartRateView.swift */ = {isa = PBXFileReference; lastKnownFileType = sourcecode.swift; path = HeartRateView.swift; sourceTree = "<group>"; };
		D50FABEE282C3BBB00EC206D /* HeartRateView + Extension.swift */ = {isa = PBXFileReference; lastKnownFileType = sourcecode.swift; path = "HeartRateView + Extension.swift"; sourceTree = "<group>"; };
/* End PBXFileReference section */

/* Begin PBXFrameworksBuildPhase section */
		D50FABB1282BA3C100EC206D /* Frameworks */ = {
			isa = PBXFrameworksBuildPhase;
			buildActionMask = 2147483647;
			files = (
			);
			runOnlyForDeploymentPostprocessing = 0;
		};
/* End PBXFrameworksBuildPhase section */

/* Begin PBXGroup section */
		D50FABAB282BA3C100EC206D = {
			isa = PBXGroup;
			children = (
				D50FABB6282BA3C100EC206D /* HeartRateTracker */,
				D50FABB5282BA3C100EC206D /* Products */,
			);
			sourceTree = "<group>";
		};
		D50FABB5282BA3C100EC206D /* Products */ = {
			isa = PBXGroup;
			children = (
				D50FABB4282BA3C100EC206D /* HeartRateTracker.app */,
			);
			name = Products;
			sourceTree = "<group>";
		};
		D50FABB6282BA3C100EC206D /* HeartRateTracker */ = {
			isa = PBXGroup;
			children = (
				D50FABE7282C0FA500EC206D /* AppLifecycle */,
				D50FABD7282BA7CA00EC206D /* Routing */,
				D50FABDC282BAAB500EC206D /* Assembling */,
				D50FABE5282C0F7100EC206D /* TrainingModule */,
				D50FABE1282C0CDA00EC206D /* Services */,
				D50FABE6282C0F8F00EC206D /* Constants */,
				D50FABBD282BA3C100EC206D /* Main.storyboard */,
				D50FABC0282BA3C200EC206D /* Assets.xcassets */,
				D50FABC2282BA3C200EC206D /* LaunchScreen.storyboard */,
				D50FABC5282BA3C200EC206D /* Info.plist */,
			);
			path = HeartRateTracker;
			sourceTree = "<group>";
		};
		D50FABD7282BA7CA00EC206D /* Routing */ = {
			isa = PBXGroup;
			children = (
				D50FABD8282BA87900EC206D /* RouterProtocol */,
				D50FABD9282BA89E00EC206D /* Router */,
			);
			path = Routing;
			sourceTree = "<group>";
		};
		D50FABD8282BA87900EC206D /* RouterProtocol */ = {
			isa = PBXGroup;
			children = (
				D50FABDA282BA8C000EC206D /* RouterProtocols.swift */,
			);
			path = RouterProtocol;
			sourceTree = "<group>";
		};
		D50FABD9282BA89E00EC206D /* Router */ = {
			isa = PBXGroup;
			children = (
				D50FABCF282BA50B00EC206D /* Router.swift */,
			);
			path = Router;
			sourceTree = "<group>";
		};
		D50FABDC282BAAB500EC206D /* Assembling */ = {
			isa = PBXGroup;
			children = (
				D50FABDD282BAACD00EC206D /* AssemblyProtocols */,
				D50FABDE282BAAFB00EC206D /* AssemblyBuilder */,
			);
			path = Assembling;
			sourceTree = "<group>";
		};
		D50FABDD282BAACD00EC206D /* AssemblyProtocols */ = {
			isa = PBXGroup;
			children = (
				D50FABDF282BAB1300EC206D /* AssembyProtocol.swift */,
			);
			path = AssemblyProtocols;
			sourceTree = "<group>";
		};
		D50FABDE282BAAFB00EC206D /* AssemblyBuilder */ = {
			isa = PBXGroup;
			children = (
				D50FABD1282BA56600EC206D /* AssemblyBuilder.swift */,
			);
			path = AssemblyBuilder;
			sourceTree = "<group>";
		};
		D50FABE1282C0CDA00EC206D /* Services */ = {
			isa = PBXGroup;
			children = (
				D50FABE8282C11CC00EC206D /* Protocols */,
				D50FABE9282C11D600EC206D /* Managers */,
			);
			path = Services;
			sourceTree = "<group>";
		};
		D50FABE2282C0F5400EC206D /* View */ = {
			isa = PBXGroup;
			children = (
				D50FABBB282BA3C100EC206D /* TrainingViewController.swift */,
			);
			path = View;
			sourceTree = "<group>";
		};
		D50FABE3282C0F5E00EC206D /* Model */ = {
			isa = PBXGroup;
			children = (
				D50FABD3282BA5A700EC206D /* TrainingModel.swift */,
			);
			path = Model;
			sourceTree = "<group>";
		};
		D50FABE4282C0F6200EC206D /* ViewModel */ = {
			isa = PBXGroup;
			children = (
				D50FABD5282BA5BE00EC206D /* TrainingViewModel.swift */,
			);
			path = ViewModel;
			sourceTree = "<group>";
		};
		D50FABE5282C0F7100EC206D /* TrainingModule */ = {
			isa = PBXGroup;
			children = (
				D50FABE3282C0F5E00EC206D /* Model */,
				D50FABE2282C0F5400EC206D /* View */,
				D50FABE4282C0F6200EC206D /* ViewModel */,
				D50FABEC282C17C100EC206D /* HeartRateView.swift */,
				D50FABEE282C3BBB00EC206D /* HeartRateView + Extension.swift */,
			);
			path = TrainingModule;
			sourceTree = "<group>";
		};
		D50FABE6282C0F8F00EC206D /* Constants */ = {
			isa = PBXGroup;
			children = (
				D50FABCD282BA4BA00EC206D /* BluetoothConstants.swift */,
			);
			path = Constants;
			sourceTree = "<group>";
		};
		D50FABE7282C0FA500EC206D /* AppLifecycle */ = {
			isa = PBXGroup;
			children = (
				D50FABB7282BA3C100EC206D /* AppDelegate.swift */,
				D50FABB9282BA3C100EC206D /* SceneDelegate.swift */,
			);
			path = AppLifecycle;
			sourceTree = "<group>";
		};
		D50FABE8282C11CC00EC206D /* Protocols */ = {
			isa = PBXGroup;
			children = (
				D50FABEA282C120500EC206D /* BluetoothManagerProtocols.swift */,
			);
			path = Protocols;
			sourceTree = "<group>";
		};
		D50FABE9282C11D600EC206D /* Managers */ = {
			isa = PBXGroup;
			children = (
				D50FABCB282BA48500EC206D /* BluetothManager.swift */,
			);
			path = Managers;
			sourceTree = "<group>";
		};
/* End PBXGroup section */

/* Begin PBXNativeTarget section */
		D50FABB3282BA3C100EC206D /* HeartRateTracker */ = {
			isa = PBXNativeTarget;
			buildConfigurationList = D50FABC8282BA3C200EC206D /* Build configuration list for PBXNativeTarget "HeartRateTracker" */;
			buildPhases = (
				D50FABB0282BA3C100EC206D /* Sources */,
				D50FABB1282BA3C100EC206D /* Frameworks */,
				D50FABB2282BA3C100EC206D /* Resources */,
			);
			buildRules = (
			);
			dependencies = (
			);
			name = HeartRateTracker;
			productName = HeartRateTracker;
			productReference = D50FABB4282BA3C100EC206D /* HeartRateTracker.app */;
			productType = "com.apple.product-type.application";
		};
/* End PBXNativeTarget section */

/* Begin PBXProject section */
		D50FABAC282BA3C100EC206D /* Project object */ = {
			isa = PBXProject;
			attributes = {
				BuildIndependentTargetsInParallel = 1;
				LastSwiftUpdateCheck = 1310;
				LastUpgradeCheck = 1310;
				TargetAttributes = {
					D50FABB3282BA3C100EC206D = {
						CreatedOnToolsVersion = 13.1;
					};
				};
			};
			buildConfigurationList = D50FABAF282BA3C100EC206D /* Build configuration list for PBXProject "HeartRateTracker" */;
			compatibilityVersion = "Xcode 13.0";
			developmentRegion = en;
			hasScannedForEncodings = 0;
			knownRegions = (
				en,
				Base,
			);
			mainGroup = D50FABAB282BA3C100EC206D;
			productRefGroup = D50FABB5282BA3C100EC206D /* Products */;
			projectDirPath = "";
			projectRoot = "";
			targets = (
				D50FABB3282BA3C100EC206D /* HeartRateTracker */,
			);
		};
/* End PBXProject section */

/* Begin PBXResourcesBuildPhase section */
		D50FABB2282BA3C100EC206D /* Resources */ = {
			isa = PBXResourcesBuildPhase;
			buildActionMask = 2147483647;
			files = (
				D50FABC4282BA3C200EC206D /* LaunchScreen.storyboard in Resources */,
				D50FABC1282BA3C200EC206D /* Assets.xcassets in Resources */,
				D50FABBF282BA3C100EC206D /* Main.storyboard in Resources */,
			);
			runOnlyForDeploymentPostprocessing = 0;
		};
/* End PBXResourcesBuildPhase section */

/* Begin PBXSourcesBuildPhase section */
		D50FABB0282BA3C100EC206D /* Sources */ = {
			isa = PBXSourcesBuildPhase;
			buildActionMask = 2147483647;
			files = (
				D50FABCE282BA4BA00EC206D /* BluetoothConstants.swift in Sources */,
				D50FABBC282BA3C100EC206D /* TrainingViewController.swift in Sources */,
				D50FABD6282BA5BE00EC206D /* TrainingViewModel.swift in Sources */,
				D50FABB8282BA3C100EC206D /* AppDelegate.swift in Sources */,
				D50FABD4282BA5A700EC206D /* TrainingModel.swift in Sources */,
				D50FABEF282C3BBB00EC206D /* HeartRateView + Extension.swift in Sources */,
				D50FABCC282BA48500EC206D /* BluetothManager.swift in Sources */,
				D50FABDB282BA8C000EC206D /* RouterProtocols.swift in Sources */,
				D50FABED282C17C100EC206D /* HeartRateView.swift in Sources */,
				D50FABD0282BA50B00EC206D /* Router.swift in Sources */,
				D50FABEB282C120500EC206D /* BluetoothManagerProtocols.swift in Sources */,
				D50FABE0282BAB1300EC206D /* AssembyProtocol.swift in Sources */,
				D50FABD2282BA56600EC206D /* AssemblyBuilder.swift in Sources */,
				D50FABBA282BA3C100EC206D /* SceneDelegate.swift in Sources */,
			);
			runOnlyForDeploymentPostprocessing = 0;
		};
/* End PBXSourcesBuildPhase section */

/* Begin PBXVariantGroup section */
		D50FABBD282BA3C100EC206D /* Main.storyboard */ = {
			isa = PBXVariantGroup;
			children = (
				D50FABBE282BA3C100EC206D /* Base */,
			);
			name = Main.storyboard;
			sourceTree = "<group>";
		};
		D50FABC2282BA3C200EC206D /* LaunchScreen.storyboard */ = {
			isa = PBXVariantGroup;
			children = (
				D50FABC3282BA3C200EC206D /* Base */,
			);
			name = LaunchScreen.storyboard;
			sourceTree = "<group>";
		};
/* End PBXVariantGroup section */

/* Begin XCBuildConfiguration section */
		D50FABC6282BA3C200EC206D /* Debug */ = {
			isa = XCBuildConfiguration;
			buildSettings = {
				ALWAYS_SEARCH_USER_PATHS = NO;
				CLANG_ANALYZER_NONNULL = YES;
				CLANG_ANALYZER_NUMBER_OBJECT_CONVERSION = YES_AGGRESSIVE;
				CLANG_CXX_LANGUAGE_STANDARD = "gnu++17";
				CLANG_CXX_LIBRARY = "libc++";
				CLANG_ENABLE_MODULES = YES;
				CLANG_ENABLE_OBJC_ARC = YES;
				CLANG_ENABLE_OBJC_WEAK = YES;
				CLANG_WARN_BLOCK_CAPTURE_AUTORELEASING = YES;
				CLANG_WARN_BOOL_CONVERSION = YES;
				CLANG_WARN_COMMA = YES;
				CLANG_WARN_CONSTANT_CONVERSION = YES;
				CLANG_WARN_DEPRECATED_OBJC_IMPLEMENTATIONS = YES;
				CLANG_WARN_DIRECT_OBJC_ISA_USAGE = YES_ERROR;
				CLANG_WARN_DOCUMENTATION_COMMENTS = YES;
				CLANG_WARN_EMPTY_BODY = YES;
				CLANG_WARN_ENUM_CONVERSION = YES;
				CLANG_WARN_INFINITE_RECURSION = YES;
				CLANG_WARN_INT_CONVERSION = YES;
				CLANG_WARN_NON_LITERAL_NULL_CONVERSION = YES;
				CLANG_WARN_OBJC_IMPLICIT_RETAIN_SELF = YES;
				CLANG_WARN_OBJC_LITERAL_CONVERSION = YES;
				CLANG_WARN_OBJC_ROOT_CLASS = YES_ERROR;
				CLANG_WARN_QUOTED_INCLUDE_IN_FRAMEWORK_HEADER = YES;
				CLANG_WARN_RANGE_LOOP_ANALYSIS = YES;
				CLANG_WARN_STRICT_PROTOTYPES = YES;
				CLANG_WARN_SUSPICIOUS_MOVE = YES;
				CLANG_WARN_UNGUARDED_AVAILABILITY = YES_AGGRESSIVE;
				CLANG_WARN_UNREACHABLE_CODE = YES;
				CLANG_WARN__DUPLICATE_METHOD_MATCH = YES;
				COPY_PHASE_STRIP = NO;
				DEBUG_INFORMATION_FORMAT = dwarf;
				ENABLE_STRICT_OBJC_MSGSEND = YES;
				ENABLE_TESTABILITY = YES;
				GCC_C_LANGUAGE_STANDARD = gnu11;
				GCC_DYNAMIC_NO_PIC = NO;
				GCC_NO_COMMON_BLOCKS = YES;
				GCC_OPTIMIZATION_LEVEL = 0;
				GCC_PREPROCESSOR_DEFINITIONS = (
					"DEBUG=1",
					"$(inherited)",
				);
				GCC_WARN_64_TO_32_BIT_CONVERSION = YES;
				GCC_WARN_ABOUT_RETURN_TYPE = YES_ERROR;
				GCC_WARN_UNDECLARED_SELECTOR = YES;
				GCC_WARN_UNINITIALIZED_AUTOS = YES_AGGRESSIVE;
				GCC_WARN_UNUSED_FUNCTION = YES;
				GCC_WARN_UNUSED_VARIABLE = YES;
				IPHONEOS_DEPLOYMENT_TARGET = 13.0;
				MTL_ENABLE_DEBUG_INFO = INCLUDE_SOURCE;
				MTL_FAST_MATH = YES;
				ONLY_ACTIVE_ARCH = YES;
				SDKROOT = iphoneos;
				SWIFT_ACTIVE_COMPILATION_CONDITIONS = DEBUG;
				SWIFT_OPTIMIZATION_LEVEL = "-Onone";
			};
			name = Debug;
		};
		D50FABC7282BA3C200EC206D /* Release */ = {
			isa = XCBuildConfiguration;
			buildSettings = {
				ALWAYS_SEARCH_USER_PATHS = NO;
				CLANG_ANALYZER_NONNULL = YES;
				CLANG_ANALYZER_NUMBER_OBJECT_CONVERSION = YES_AGGRESSIVE;
				CLANG_CXX_LANGUAGE_STANDARD = "gnu++17";
				CLANG_CXX_LIBRARY = "libc++";
				CLANG_ENABLE_MODULES = YES;
				CLANG_ENABLE_OBJC_ARC = YES;
				CLANG_ENABLE_OBJC_WEAK = YES;
				CLANG_WARN_BLOCK_CAPTURE_AUTORELEASING = YES;
				CLANG_WARN_BOOL_CONVERSION = YES;
				CLANG_WARN_COMMA = YES;
				CLANG_WARN_CONSTANT_CONVERSION = YES;
				CLANG_WARN_DEPRECATED_OBJC_IMPLEMENTATIONS = YES;
				CLANG_WARN_DIRECT_OBJC_ISA_USAGE = YES_ERROR;
				CLANG_WARN_DOCUMENTATION_COMMENTS = YES;
				CLANG_WARN_EMPTY_BODY = YES;
				CLANG_WARN_ENUM_CONVERSION = YES;
				CLANG_WARN_INFINITE_RECURSION = YES;
				CLANG_WARN_INT_CONVERSION = YES;
				CLANG_WARN_NON_LITERAL_NULL_CONVERSION = YES;
				CLANG_WARN_OBJC_IMPLICIT_RETAIN_SELF = YES;
				CLANG_WARN_OBJC_LITERAL_CONVERSION = YES;
				CLANG_WARN_OBJC_ROOT_CLASS = YES_ERROR;
				CLANG_WARN_QUOTED_INCLUDE_IN_FRAMEWORK_HEADER = YES;
				CLANG_WARN_RANGE_LOOP_ANALYSIS = YES;
				CLANG_WARN_STRICT_PROTOTYPES = YES;
				CLANG_WARN_SUSPICIOUS_MOVE = YES;
				CLANG_WARN_UNGUARDED_AVAILABILITY = YES_AGGRESSIVE;
				CLANG_WARN_UNREACHABLE_CODE = YES;
				CLANG_WARN__DUPLICATE_METHOD_MATCH = YES;
				COPY_PHASE_STRIP = NO;
				DEBUG_INFORMATION_FORMAT = "dwarf-with-dsym";
				ENABLE_NS_ASSERTIONS = NO;
				ENABLE_STRICT_OBJC_MSGSEND = YES;
				GCC_C_LANGUAGE_STANDARD = gnu11;
				GCC_NO_COMMON_BLOCKS = YES;
				GCC_WARN_64_TO_32_BIT_CONVERSION = YES;
				GCC_WARN_ABOUT_RETURN_TYPE = YES_ERROR;
				GCC_WARN_UNDECLARED_SELECTOR = YES;
				GCC_WARN_UNINITIALIZED_AUTOS = YES_AGGRESSIVE;
				GCC_WARN_UNUSED_FUNCTION = YES;
				GCC_WARN_UNUSED_VARIABLE = YES;
				IPHONEOS_DEPLOYMENT_TARGET = 13.0;
				MTL_ENABLE_DEBUG_INFO = NO;
				MTL_FAST_MATH = YES;
				SDKROOT = iphoneos;
				SWIFT_COMPILATION_MODE = wholemodule;
				SWIFT_OPTIMIZATION_LEVEL = "-O";
				VALIDATE_PRODUCT = YES;
			};
			name = Release;
		};
		D50FABC9282BA3C200EC206D /* Debug */ = {
			isa = XCBuildConfiguration;
			buildSettings = {
				ASSETCATALOG_COMPILER_APPICON_NAME = AppIcon;
				ASSETCATALOG_COMPILER_GLOBAL_ACCENT_COLOR_NAME = AccentColor;
				CODE_SIGN_STYLE = Automatic;
				CURRENT_PROJECT_VERSION = 1;
				DEVELOPMENT_TEAM = UJLV2F74LA;
				GENERATE_INFOPLIST_FILE = YES;
				INFOPLIST_FILE = HeartRateTracker/Info.plist;
				INFOPLIST_KEY_UIApplicationSupportsIndirectInputEvents = YES;
				INFOPLIST_KEY_UILaunchStoryboardName = LaunchScreen;
				INFOPLIST_KEY_UIMainStoryboardFile = Main;
				INFOPLIST_KEY_UISupportedInterfaceOrientations_iPad = "UIInterfaceOrientationPortrait UIInterfaceOrientationPortraitUpsideDown UIInterfaceOrientationLandscapeLeft UIInterfaceOrientationLandscapeRight";
				INFOPLIST_KEY_UISupportedInterfaceOrientations_iPhone = "UIInterfaceOrientationPortrait UIInterfaceOrientationLandscapeLeft UIInterfaceOrientationLandscapeRight";
				IPHONEOS_DEPLOYMENT_TARGET = 13.0;
				LD_RUNPATH_SEARCH_PATHS = (
					"$(inherited)",
					"@executable_path/Frameworks",
				);
				MARKETING_VERSION = 1.0;
				PRODUCT_BUNDLE_IDENTIFIER = Sega.HeartRateTracker;
				PRODUCT_NAME = "$(TARGET_NAME)";
				SWIFT_EMIT_LOC_STRINGS = YES;
				SWIFT_VERSION = 5.0;
				TARGETED_DEVICE_FAMILY = 1;
			};
			name = Debug;
		};
		D50FABCA282BA3C200EC206D /* Release */ = {
			isa = XCBuildConfiguration;
			buildSettings = {
				ASSETCATALOG_COMPILER_APPICON_NAME = AppIcon;
				ASSETCATALOG_COMPILER_GLOBAL_ACCENT_COLOR_NAME = AccentColor;
				CODE_SIGN_STYLE = Automatic;
				CURRENT_PROJECT_VERSION = 1;
				DEVELOPMENT_TEAM = UJLV2F74LA;
				GENERATE_INFOPLIST_FILE = YES;
				INFOPLIST_FILE = HeartRateTracker/Info.plist;
				INFOPLIST_KEY_UIApplicationSupportsIndirectInputEvents = YES;
				INFOPLIST_KEY_UILaunchStoryboardName = LaunchScreen;
				INFOPLIST_KEY_UIMainStoryboardFile = Main;
				INFOPLIST_KEY_UISupportedInterfaceOrientations_iPad = "UIInterfaceOrientationPortrait UIInterfaceOrientationPortraitUpsideDown UIInterfaceOrientationLandscapeLeft UIInterfaceOrientationLandscapeRight";
				INFOPLIST_KEY_UISupportedInterfaceOrientations_iPhone = "UIInterfaceOrientationPortrait UIInterfaceOrientationLandscapeLeft UIInterfaceOrientationLandscapeRight";
				IPHONEOS_DEPLOYMENT_TARGET = 13.0;
				LD_RUNPATH_SEARCH_PATHS = (
					"$(inherited)",
					"@executable_path/Frameworks",
				);
				MARKETING_VERSION = 1.0;
				PRODUCT_BUNDLE_IDENTIFIER = Sega.HeartRateTracker;
				PRODUCT_NAME = "$(TARGET_NAME)";
				SWIFT_EMIT_LOC_STRINGS = YES;
				SWIFT_VERSION = 5.0;
				TARGETED_DEVICE_FAMILY = 1;
			};
			name = Release;
		};
/* End XCBuildConfiguration section */

/* Begin XCConfigurationList section */
		D50FABAF282BA3C100EC206D /* Build configuration list for PBXProject "HeartRateTracker" */ = {
			isa = XCConfigurationList;
			buildConfigurations = (
				D50FABC6282BA3C200EC206D /* Debug */,
				D50FABC7282BA3C200EC206D /* Release */,
			);
			defaultConfigurationIsVisible = 0;
			defaultConfigurationName = Release;
		};
		D50FABC8282BA3C200EC206D /* Build configuration list for PBXNativeTarget "HeartRateTracker" */ = {
			isa = XCConfigurationList;
			buildConfigurations = (
				D50FABC9282BA3C200EC206D /* Debug */,
				D50FABCA282BA3C200EC206D /* Release */,
			);
			defaultConfigurationIsVisible = 0;
			defaultConfigurationName = Release;
		};
/* End XCConfigurationList section */
	};
	rootObject = D50FABAC282BA3C100EC206D /* Project object */;
}
